// !$*UTF8*$!
{
	archiveVersion = 1;
	classes = {
	};
	objectVersion = 50;
	objects = {

/* Begin PBXBuildFile section */
		E4ABC37025B30F5600AA738B /* SwiftUI_H4X0R_NewsApp.swift in Sources */ = {isa = PBXBuildFile; fileRef = E4ABC36F25B30F5600AA738B /* SwiftUI_H4X0R_NewsApp.swift */; };
		E4ABC37225B30F5600AA738B /* ContentView.swift in Sources */ = {isa = PBXBuildFile; fileRef = E4ABC37125B30F5600AA738B /* ContentView.swift */; };
		E4ABC37425B30F5700AA738B /* Assets.xcassets in Resources */ = {isa = PBXBuildFile; fileRef = E4ABC37325B30F5700AA738B /* Assets.xcassets */; };
		E4ABC37725B30F5700AA738B /* Preview Assets.xcassets in Resources */ = {isa = PBXBuildFile; fileRef = E4ABC37625B30F5700AA738B /* Preview Assets.xcassets */; };
		E4ABC38125B3174E00AA738B /* NetworkManager.swift in Sources */ = {isa = PBXBuildFile; fileRef = E4ABC38025B3174E00AA738B /* NetworkManager.swift */; };
		E4ABC38525B31A8900AA738B /* PostData.swift in Sources */ = {isa = PBXBuildFile; fileRef = E4ABC38425B31A8900AA738B /* PostData.swift */; };
		E4ABC38E25B3328900AA738B /* DetailView.swift in Sources */ = {isa = PBXBuildFile; fileRef = E4ABC38D25B3328900AA738B /* DetailView.swift */; };
		E4ABC39125B3387100AA738B /* WebView.swift in Sources */ = {isa = PBXBuildFile; fileRef = E4ABC39025B3387100AA738B /* WebView.swift */; };
/* End PBXBuildFile section */

/* Begin PBXFileReference section */
		E4ABC36C25B30F5600AA738B /* SwiftUI-H4X0R News.app */ = {isa = PBXFileReference; explicitFileType = wrapper.application; includeInIndex = 0; path = "SwiftUI-H4X0R News.app"; sourceTree = BUILT_PRODUCTS_DIR; };
		E4ABC36F25B30F5600AA738B /* SwiftUI_H4X0R_NewsApp.swift */ = {isa = PBXFileReference; lastKnownFileType = sourcecode.swift; path = SwiftUI_H4X0R_NewsApp.swift; sourceTree = "<group>"; };
		E4ABC37125B30F5600AA738B /* ContentView.swift */ = {isa = PBXFileReference; lastKnownFileType = sourcecode.swift; path = ContentView.swift; sourceTree = "<group>"; };
		E4ABC37325B30F5700AA738B /* Assets.xcassets */ = {isa = PBXFileReference; lastKnownFileType = folder.assetcatalog; path = Assets.xcassets; sourceTree = "<group>"; };
		E4ABC37625B30F5700AA738B /* Preview Assets.xcassets */ = {isa = PBXFileReference; lastKnownFileType = folder.assetcatalog; path = "Preview Assets.xcassets"; sourceTree = "<group>"; };
		E4ABC37825B30F5700AA738B /* Info.plist */ = {isa = PBXFileReference; lastKnownFileType = text.plist.xml; path = Info.plist; sourceTree = "<group>"; };
		E4ABC38025B3174E00AA738B /* NetworkManager.swift */ = {isa = PBXFileReference; lastKnownFileType = sourcecode.swift; path = NetworkManager.swift; sourceTree = "<group>"; };
		E4ABC38425B31A8900AA738B /* PostData.swift */ = {isa = PBXFileReference; lastKnownFileType = sourcecode.swift; path = PostData.swift; sourceTree = "<group>"; };
		E4ABC38D25B3328900AA738B /* DetailView.swift */ = {isa = PBXFileReference; lastKnownFileType = sourcecode.swift; path = DetailView.swift; sourceTree = "<group>"; };
		E4ABC39025B3387100AA738B /* WebView.swift */ = {isa = PBXFileReference; lastKnownFileType = sourcecode.swift; path = WebView.swift; sourceTree = "<group>"; };
/* End PBXFileReference section */

/* Begin PBXFrameworksBuildPhase section */
		E4ABC36925B30F5600AA738B /* Frameworks */ = {
			isa = PBXFrameworksBuildPhase;
			buildActionMask = 2147483647;
			files = (
			);
			runOnlyForDeploymentPostprocessing = 0;
		};
/* End PBXFrameworksBuildPhase section */

/* Begin PBXGroup section */
		E4ABC36325B30F5600AA738B = {
			isa = PBXGroup;
			children = (
				E4ABC36E25B30F5600AA738B /* SwiftUI-H4X0R News */,
				E4ABC36D25B30F5600AA738B /* Products */,
			);
			sourceTree = "<group>";
		};
		E4ABC36D25B30F5600AA738B /* Products */ = {
			isa = PBXGroup;
			children = (
				E4ABC36C25B30F5600AA738B /* SwiftUI-H4X0R News.app */,
			);
			name = Products;
			sourceTree = "<group>";
		};
		E4ABC36E25B30F5600AA738B /* SwiftUI-H4X0R News */ = {
			isa = PBXGroup;
			children = (
				E4ABC38725B331C200AA738B /* Views */,
				E4ABC37F25B3172100AA738B /* Models */,
				E4ABC36F25B30F5600AA738B /* SwiftUI_H4X0R_NewsApp.swift */,
				E4ABC37325B30F5700AA738B /* Assets.xcassets */,
				E4ABC37825B30F5700AA738B /* Info.plist */,
				E4ABC37525B30F5700AA738B /* Preview Content */,
			);
			path = "SwiftUI-H4X0R News";
			sourceTree = "<group>";
		};
		E4ABC37525B30F5700AA738B /* Preview Content */ = {
			isa = PBXGroup;
			children = (
				E4ABC37625B30F5700AA738B /* Preview Assets.xcassets */,
			);
			path = "Preview Content";
			sourceTree = "<group>";
		};
		E4ABC37F25B3172100AA738B /* Models */ = {
			isa = PBXGroup;
			children = (
				E4ABC38025B3174E00AA738B /* NetworkManager.swift */,
				E4ABC38425B31A8900AA738B /* PostData.swift */,
			);
			path = Models;
			sourceTree = "<group>";
		};
		E4ABC38725B331C200AA738B /* Views */ = {
			isa = PBXGroup;
			children = (
				E4ABC37125B30F5600AA738B /* ContentView.swift */,
				E4ABC38D25B3328900AA738B /* DetailView.swift */,
				E4ABC39025B3387100AA738B /* WebView.swift */,
			);
			path = Views;
			sourceTree = "<group>";
		};
/* End PBXGroup section */

/* Begin PBXNativeTarget section */
		E4ABC36B25B30F5600AA738B /* SwiftUI-H4X0R News */ = {
			isa = PBXNativeTarget;
			buildConfigurationList = E4ABC37B25B30F5700AA738B /* Build configuration list for PBXNativeTarget "SwiftUI-H4X0R News" */;
			buildPhases = (
				E4ABC36825B30F5600AA738B /* Sources */,
				E4ABC36925B30F5600AA738B /* Frameworks */,
				E4ABC36A25B30F5600AA738B /* Resources */,
			);
			buildRules = (
			);
			dependencies = (
			);
			name = "SwiftUI-H4X0R News";
			productName = "SwiftUI-H4X0R News";
			productReference = E4ABC36C25B30F5600AA738B /* SwiftUI-H4X0R News.app */;
			productType = "com.apple.product-type.application";
		};
/* End PBXNativeTarget section */

/* Begin PBXProject section */
		E4ABC36425B30F5600AA738B /* Project object */ = {
			isa = PBXProject;
			attributes = {
				LastSwiftUpdateCheck = 1230;
				LastUpgradeCheck = 1230;
				TargetAttributes = {
					E4ABC36B25B30F5600AA738B = {
						CreatedOnToolsVersion = 12.3;
					};
				};
			};
			buildConfigurationList = E4ABC36725B30F5600AA738B /* Build configuration list for PBXProject "SwiftUI-H4X0R News" */;
			compatibilityVersion = "Xcode 9.3";
			developmentRegion = en;
			hasScannedForEncodings = 0;
			knownRegions = (
				en,
				Base,
			);
			mainGroup = E4ABC36325B30F5600AA738B;
			productRefGroup = E4ABC36D25B30F5600AA738B /* Products */;
			projectDirPath = "";
			projectRoot = "";
			targets = (
				E4ABC36B25B30F5600AA738B /* SwiftUI-H4X0R News */,
			);
		};
/* End PBXProject section */

/* Begin PBXResourcesBuildPhase section */
		E4ABC36A25B30F5600AA738B /* Resources */ = {
			isa = PBXResourcesBuildPhase;
			buildActionMask = 2147483647;
			files = (
				E4ABC37725B30F5700AA738B /* Preview Assets.xcassets in Resources */,
				E4ABC37425B30F5700AA738B /* Assets.xcassets in Resources */,
			);
			runOnlyForDeploymentPostprocessing = 0;
		};
/* End PBXResourcesBuildPhase section */

/* Begin PBXSourcesBuildPhase section */
		E4ABC36825B30F5600AA738B /* Sources */ = {
			isa = PBXSourcesBuildPhase;
			buildActionMask = 2147483647;
			files = (
				E4ABC38125B3174E00AA738B /* NetworkManager.swift in Sources */,
				E4ABC38525B31A8900AA738B /* PostData.swift in Sources */,
				E4ABC37225B30F5600AA738B /* ContentView.swift in Sources */,
				E4ABC39125B3387100AA738B /* WebView.swift in Sources */,
				E4ABC38E25B3328900AA738B /* DetailView.swift in Sources */,
				E4ABC37025B30F5600AA738B /* SwiftUI_H4X0R_NewsApp.swift in Sources */,
			);
			runOnlyForDeploymentPostprocessing = 0;
		};
/* End PBXSourcesBuildPhase section */

/* Begin XCBuildConfiguration section */
		E4ABC37925B30F5700AA738B /* Debug */ = {
			isa = XCBuildConfiguration;
			buildSettings = {
				ALWAYS_SEARCH_USER_PATHS = NO;
				CLANG_ANALYZER_NONNULL = YES;
				CLANG_ANALYZER_NUMBER_OBJECT_CONVERSION = YES_AGGRESSIVE;
				CLANG_CXX_LANGUAGE_STANDARD = "gnu++14";
				CLANG_CXX_LIBRARY = "libc++";
				CLANG_ENABLE_MODULES = YES;
				CLANG_ENABLE_OBJC_ARC = YES;
				CLANG_ENABLE_OBJC_WEAK = YES;
				CLANG_WARN_BLOCK_CAPTURE_AUTORELEASING = YES;
				CLANG_WARN_BOOL_CONVERSION = YES;
				CLANG_WARN_COMMA = YES;
				CLANG_WARN_CONSTANT_CONVERSION = YES;
				CLANG_WARN_DEPRECATED_OBJC_IMPLEMENTATIONS = YES;
				CLANG_WARN_DIRECT_OBJC_ISA_USAGE = YES_ERROR;
				CLANG_WARN_DOCUMENTATION_COMMENTS = YES;
				CLANG_WARN_EMPTY_BODY = YES;
				CLANG_WARN_ENUM_CONVERSION = YES;
				CLANG_WARN_INFINITE_RECURSION = YES;
				CLANG_WARN_INT_CONVERSION = YES;
				CLANG_WARN_NON_LITERAL_NULL_CONVERSION = YES;
				CLANG_WARN_OBJC_IMPLICIT_RETAIN_SELF = YES;
				CLANG_WARN_OBJC_LITERAL_CONVERSION = YES;
				CLANG_WARN_OBJC_ROOT_CLASS = YES_ERROR;
				CLANG_WARN_QUOTED_INCLUDE_IN_FRAMEWORK_HEADER = YES;
				CLANG_WARN_RANGE_LOOP_ANALYSIS = YES;
				CLANG_WARN_STRICT_PROTOTYPES = YES;
				CLANG_WARN_SUSPICIOUS_MOVE = YES;
				CLANG_WARN_UNGUARDED_AVAILABILITY = YES_AGGRESSIVE;
				CLANG_WARN_UNREACHABLE_CODE = YES;
				CLANG_WARN__DUPLICATE_METHOD_MATCH = YES;
				COPY_PHASE_STRIP = NO;
				DEBUG_INFORMATION_FORMAT = dwarf;
				ENABLE_STRICT_OBJC_MSGSEND = YES;
				ENABLE_TESTABILITY = YES;
				GCC_C_LANGUAGE_STANDARD = gnu11;
				GCC_DYNAMIC_NO_PIC = NO;
				GCC_NO_COMMON_BLOCKS = YES;
				GCC_OPTIMIZATION_LEVEL = 0;
				GCC_PREPROCESSOR_DEFINITIONS = (
					"DEBUG=1",
					"$(inherited)",
				);
				GCC_WARN_64_TO_32_BIT_CONVERSION = YES;
				GCC_WARN_ABOUT_RETURN_TYPE = YES_ERROR;
				GCC_WARN_UNDECLARED_SELECTOR = YES;
				GCC_WARN_UNINITIALIZED_AUTOS = YES_AGGRESSIVE;
				GCC_WARN_UNUSED_FUNCTION = YES;
				GCC_WARN_UNUSED_VARIABLE = YES;
				IPHONEOS_DEPLOYMENT_TARGET = 14.3;
				MTL_ENABLE_DEBUG_INFO = INCLUDE_SOURCE;
				MTL_FAST_MATH = YES;
				ONLY_ACTIVE_ARCH = YES;
				SDKROOT = iphoneos;
				SWIFT_ACTIVE_COMPILATION_CONDITIONS = DEBUG;
				SWIFT_OPTIMIZATION_LEVEL = "-Onone";
			};
			name = Debug;
		};
		E4ABC37A25B30F5700AA738B /* Release */ = {
			isa = XCBuildConfiguration;
			buildSettings = {
				ALWAYS_SEARCH_USER_PATHS = NO;
				CLANG_ANALYZER_NONNULL = YES;
				CLANG_ANALYZER_NUMBER_OBJECT_CONVERSION = YES_AGGRESSIVE;
				CLANG_CXX_LANGUAGE_STANDARD = "gnu++14";
				CLANG_CXX_LIBRARY = "libc++";
				CLANG_ENABLE_MODULES = YES;
				CLANG_ENABLE_OBJC_ARC = YES;
				CLANG_ENABLE_OBJC_WEAK = YES;
				CLANG_WARN_BLOCK_CAPTURE_AUTORELEASING = YES;
				CLANG_WARN_BOOL_CONVERSION = YES;
				CLANG_WARN_COMMA = YES;
				CLANG_WARN_CONSTANT_CONVERSION = YES;
				CLANG_WARN_DEPRECATED_OBJC_IMPLEMENTATIONS = YES;
				CLANG_WARN_DIRECT_OBJC_ISA_USAGE = YES_ERROR;
				CLANG_WARN_DOCUMENTATION_COMMENTS = YES;
				CLANG_WARN_EMPTY_BODY = YES;
				CLANG_WARN_ENUM_CONVERSION = YES;
				CLANG_WARN_INFINITE_RECURSION = YES;
				CLANG_WARN_INT_CONVERSION = YES;
				CLANG_WARN_NON_LITERAL_NULL_CONVERSION = YES;
				CLANG_WARN_OBJC_IMPLICIT_RETAIN_SELF = YES;
				CLANG_WARN_OBJC_LITERAL_CONVERSION = YES;
				CLANG_WARN_OBJC_ROOT_CLASS = YES_ERROR;
				CLANG_WARN_QUOTED_INCLUDE_IN_FRAMEWORK_HEADER = YES;
				CLANG_WARN_RANGE_LOOP_ANALYSIS = YES;
				CLANG_WARN_STRICT_PROTOTYPES = YES;
				CLANG_WARN_SUSPICIOUS_MOVE = YES;
				CLANG_WARN_UNGUARDED_AVAILABILITY = YES_AGGRESSIVE;
				CLANG_WARN_UNREACHABLE_CODE = YES;
				CLANG_WARN__DUPLICATE_METHOD_MATCH = YES;
				COPY_PHASE_STRIP = NO;
				DEBUG_INFORMATION_FORMAT = "dwarf-with-dsym";
				ENABLE_NS_ASSERTIONS = NO;
				ENABLE_STRICT_OBJC_MSGSEND = YES;
				GCC_C_LANGUAGE_STANDARD = gnu11;
				GCC_NO_COMMON_BLOCKS = YES;
				GCC_WARN_64_TO_32_BIT_CONVERSION = YES;
				GCC_WARN_ABOUT_RETURN_TYPE = YES_ERROR;
				GCC_WARN_UNDECLARED_SELECTOR = YES;
				GCC_WARN_UNINITIALIZED_AUTOS = YES_AGGRESSIVE;
				GCC_WARN_UNUSED_FUNCTION = YES;
				GCC_WARN_UNUSED_VARIABLE = YES;
				IPHONEOS_DEPLOYMENT_TARGET = 14.3;
				MTL_ENABLE_DEBUG_INFO = NO;
				MTL_FAST_MATH = YES;
				SDKROOT = iphoneos;
				SWIFT_COMPILATION_MODE = wholemodule;
				SWIFT_OPTIMIZATION_LEVEL = "-O";
				VALIDATE_PRODUCT = YES;
			};
			name = Release;
		};
		E4ABC37C25B30F5700AA738B /* Debug */ = {
			isa = XCBuildConfiguration;
			buildSettings = {
				ASSETCATALOG_COMPILER_APPICON_NAME = AppIcon;
				ASSETCATALOG_COMPILER_GLOBAL_ACCENT_COLOR_NAME = AccentColor;
				CODE_SIGN_STYLE = Automatic;
				DEVELOPMENT_ASSET_PATHS = "\"SwiftUI-H4X0R News/Preview Content\"";
				ENABLE_PREVIEWS = YES;
				INFOPLIST_FILE = "SwiftUI-H4X0R News/Info.plist";
				IPHONEOS_DEPLOYMENT_TARGET = 14.0;
				LD_RUNPATH_SEARCH_PATHS = (
					"$(inherited)",
					"@executable_path/Frameworks",
				);
				PRODUCT_BUNDLE_IDENTIFIER = "com.demo.SwiftUI-H4X0R-News";
				PRODUCT_NAME = "$(TARGET_NAME)";
				SWIFT_VERSION = 5.0;
				TARGETED_DEVICE_FAMILY = "1,2";
			};
			name = Debug;
		};
		E4ABC37D25B30F5700AA738B /* Release */ = {
			isa = XCBuildConfiguration;
			buildSettings = {
				ASSETCATALOG_COMPILER_APPICON_NAME = AppIcon;
				ASSETCATALOG_COMPILER_GLOBAL_ACCENT_COLOR_NAME = AccentColor;
				CODE_SIGN_STYLE = Automatic;
				DEVELOPMENT_ASSET_PATHS = "\"SwiftUI-H4X0R News/Preview Content\"";
				ENABLE_PREVIEWS = YES;
				INFOPLIST_FILE = "SwiftUI-H4X0R News/Info.plist";
				IPHONEOS_DEPLOYMENT_TARGET = 14.0;
				LD_RUNPATH_SEARCH_PATHS = (
					"$(inherited)",
					"@executable_path/Frameworks",
				);
				PRODUCT_BUNDLE_IDENTIFIER = "com.demo.SwiftUI-H4X0R-News";
				PRODUCT_NAME = "$(TARGET_NAME)";
				SWIFT_VERSION = 5.0;
				TARGETED_DEVICE_FAMILY = "1,2";
			};
			name = Release;
		};
/* End XCBuildConfiguration section */

/* Begin XCConfigurationList section */
		E4ABC36725B30F5600AA738B /* Build configuration list for PBXProject "SwiftUI-H4X0R News" */ = {
			isa = XCConfigurationList;
			buildConfigurations = (
				E4ABC37925B30F5700AA738B /* Debug */,
				E4ABC37A25B30F5700AA738B /* Release */,
			);
			defaultConfigurationIsVisible = 0;
			defaultConfigurationName = Release;
		};
		E4ABC37B25B30F5700AA738B /* Build configuration list for PBXNativeTarget "SwiftUI-H4X0R News" */ = {
			isa = XCConfigurationList;
			buildConfigurations = (
				E4ABC37C25B30F5700AA738B /* Debug */,
				E4ABC37D25B30F5700AA738B /* Release */,
			);
			defaultConfigurationIsVisible = 0;
			defaultConfigurationName = Release;
		};
/* End XCConfigurationList section */
	};
	rootObject = E4ABC36425B30F5600AA738B /* Project object */;
}
